
Microsoft Visual Studio Solution File, Format Version 12.00
# Visual Studio Version 16
VisualStudioVersion = 16.0.30717.126
MinimumVisualStudioVersion = 10.0.40219.1
Project("{8BC9CEB8-8B4A-11D0-8D11-00A0C91BC942}") = "bmedll_old", "bmedll_old\bmedll_old.vcxproj", "{C6DB01AD-C0B9-434B-BAE2-2D6D1CE6E347}"
EndProject
Project("{8BC9CEB8-8B4A-11D0-8D11-00A0C91BC942}") = "bmedll", "bmedll\bmedll.vcxproj", "{93D0009E-2D12-4004-B541-625C2833FDAC}"
EndProject
Project("{8BC9CEB8-8B4A-11D0-8D11-00A0C91BC942}") = "loader_launcher_proxy", "loader_launcher_proxy\loader_launcher_proxy.vcxproj", "{F65C322D-66DF-4AF1-B650-70221DE334C0}"
EndProject
Project("{8BC9CEB8-8B4A-11D0-8D11-00A0C91BC942}") = "loader_launcher_exe", "loader_launcher_exe\loader_launcher_exe.vcxproj", "{24A7B917-3B76-4BBC-BC15-C5C66F6AE870}"
EndProject
Global
	GlobalSection(SolutionConfigurationPlatforms) = preSolution
		Debug|x64 = Debug|x64
		Debug|x86 = Debug|x86
		Release|x64 = Release|x64
		Release|x86 = Release|x86
		Staging|x64 = Staging|x64
		Staging|x86 = Staging|x86
	EndGlobalSection
	GlobalSection(ProjectConfigurationPlatforms) = postSolution
		{C6DB01AD-C0B9-434B-BAE2-2D6D1CE6E347}.Debug|x64.ActiveCfg = Debug|x64
		{C6DB01AD-C0B9-434B-BAE2-2D6D1CE6E347}.Debug|x64.Build.0 = Debug|x64
		{C6DB01AD-C0B9-434B-BAE2-2D6D1CE6E347}.Debug|x86.ActiveCfg = Debug|x64
		{C6DB01AD-C0B9-434B-BAE2-2D6D1CE6E347}.Release|x64.ActiveCfg = Release|x64
		{C6DB01AD-C0B9-434B-BAE2-2D6D1CE6E347}.Release|x64.Build.0 = Release|x64
		{C6DB01AD-C0B9-434B-BAE2-2D6D1CE6E347}.Release|x86.ActiveCfg = Release|x64
		{C6DB01AD-C0B9-434B-BAE2-2D6D1CE6E347}.Staging|x64.ActiveCfg = Release|x64
		{C6DB01AD-C0B9-434B-BAE2-2D6D1CE6E347}.Staging|x64.Build.0 = Release|x64
		{C6DB01AD-C0B9-434B-BAE2-2D6D1CE6E347}.Staging|x86.ActiveCfg = Release|x64
		{C6DB01AD-C0B9-434B-BAE2-2D6D1CE6E347}.Staging|x86.Build.0 = Release|x64
		{93D0009E-2D12-4004-B541-625C2833FDAC}.Debug|x64.ActiveCfg = Debug|x64
		{93D0009E-2D12-4004-B541-625C2833FDAC}.Debug|x64.Build.0 = Debug|x64
		{93D0009E-2D12-4004-B541-625C2833FDAC}.Debug|x86.ActiveCfg = Debug|x64
		{93D0009E-2D12-4004-B541-625C2833FDAC}.Release|x64.ActiveCfg = Release|x64
		{93D0009E-2D12-4004-B541-625C2833FDAC}.Release|x64.Build.0 = Release|x64
		{93D0009E-2D12-4004-B541-625C2833FDAC}.Release|x86.ActiveCfg = Release|x64
		{93D0009E-2D12-4004-B541-625C2833FDAC}.Staging|x64.ActiveCfg = Staging|x64
		{93D0009E-2D12-4004-B541-625C2833FDAC}.Staging|x64.Build.0 = Staging|x64
		{93D0009E-2D12-4004-B541-625C2833FDAC}.Staging|x86.ActiveCfg = Staging|x64
		{F65C322D-66DF-4AF1-B650-70221DE334C0}.Debug|x64.ActiveCfg = Debug|x64
		{F65C322D-66DF-4AF1-B650-70221DE334C0}.Debug|x64.Build.0 = Debug|x64
		{F65C322D-66DF-4AF1-B650-70221DE334C0}.Debug|x86.ActiveCfg = Debug|Win32
		{F65C322D-66DF-4AF1-B650-70221DE334C0}.Debug|x86.Build.0 = Debug|Win32
		{F65C322D-66DF-4AF1-B650-70221DE334C0}.Release|x64.ActiveCfg = Release|x64
		{F65C322D-66DF-4AF1-B650-70221DE334C0}.Release|x64.Build.0 = Release|x64
		{F65C322D-66DF-4AF1-B650-70221DE334C0}.Release|x86.ActiveCfg = Release|Win32
		{F65C322D-66DF-4AF1-B650-70221DE334C0}.Release|x86.Build.0 = Release|Win32
		{F65C322D-66DF-4AF1-B650-70221DE334C0}.Staging|x64.ActiveCfg = Debug|x64
		{F65C322D-66DF-4AF1-B650-70221DE334C0}.Staging|x64.Build.0 = Debug|x64
		{F65C322D-66DF-4AF1-B650-70221DE334C0}.Staging|x86.ActiveCfg = Debug|Win32
		{F65C322D-66DF-4AF1-B650-70221DE334C0}.Staging|x86.Build.0 = Debug|Win32
		{24A7B917-3B76-4BBC-BC15-C5C66F6AE870}.Debug|x64.ActiveCfg = Debug|x64
		{24A7B917-3B76-4BBC-BC15-C5C66F6AE870}.Debug|x64.Build.0 = Debug|x64
		{24A7B917-3B76-4BBC-BC15-C5C66F6AE870}.Debug|x86.ActiveCfg = Debug|Win32
		{24A7B917-3B76-4BBC-BC15-C5C66F6AE870}.Debug|x86.Build.0 = Debug|Win32
		{24A7B917-3B76-4BBC-BC15-C5C66F6AE870}.Release|x64.ActiveCfg = Release|x64
		{24A7B917-3B76-4BBC-BC15-C5C66F6AE870}.Release|x64.Build.0 = Release|x64
		{24A7B917-3B76-4BBC-BC15-C5C66F6AE870}.Release|x86.ActiveCfg = Release|Win32
		{24A7B917-3B76-4BBC-BC15-C5C66F6AE870}.Release|x86.Build.0 = Release|Win32
		{24A7B917-3B76-4BBC-BC15-C5C66F6AE870}.Staging|x64.ActiveCfg = Debug|x64
		{24A7B917-3B76-4BBC-BC15-C5C66F6AE870}.Staging|x64.Build.0 = Debug|x64
		{24A7B917-3B76-4BBC-BC15-C5C66F6AE870}.Staging|x86.ActiveCfg = Debug|Win32
		{24A7B917-3B76-4BBC-BC15-C5C66F6AE870}.Staging|x86.Build.0 = Debug|Win32
	EndGlobalSection
	GlobalSection(SolutionProperties) = preSolution
		HideSolutionNode = FALSE
	EndGlobalSection
	GlobalSection(ExtensibilityGlobals) = postSolution
		SolutionGuid = {DF1E6FD0-EB64-4008-8CE9-F3EE08A6ACDD}
	EndGlobalSection
EndGlobal
