<?xml version="1.0" encoding="utf-8"?>
<Project ToolsVersion="4.0" xmlns="http://schemas.microsoft.com/developer/msbuild/2003">
  <ItemGroup>
    <Filter Include="Pliki źródłowe">
      <UniqueIdentifier>{4FC737F1-C7A5-4376-A066-2A32D752A2FF}</UniqueIdentifier>
      <Extensions>cpp;c;cc;cxx;c++;cppm;ixx;def;odl;idl;hpj;bat;asm;asmx</Extensions>
    </Filter>
    <Filter Include="Pliki nagłówkowe">
      <UniqueIdentifier>{93995380-89BD-4b04-88EB-625FBE52EBFB}</UniqueIdentifier>
      <Extensions>h;hh;hpp;hxx;h++;hm;inl;inc;ipp;xsd</Extensions>
    </Filter>
    <Filter Include="Pliki zasobów">
      <UniqueIdentifier>{67DA6AB6-F800-4c08-8B7A-83BB121AAD01}</UniqueIdentifier>
      <Extensions>rc;ico;cur;bmp;dlg;rc2;rct;bin;rgs;gif;jpg;jpeg;jpe;resx;tiff;tif;png;wav;mfcribbon-ms</Extensions>
    </Filter>
    <Filter Include="Pliki nagłówkowe\rapidjson">
      <UniqueIdentifier>{08405a7b-301a-4286-af9b-08207f019ed8}</UniqueIdentifier>
    </Filter>
    <Filter Include="Pliki nagłówkowe\thirdparty">
      <UniqueIdentifier>{e2761bba-7065-44ac-b27c-91fe8c1907e0}</UniqueIdentifier>
    </Filter>
    <Filter Include="Pliki źródłowe\discord">
      <UniqueIdentifier>{691dc9b3-3a18-48f4-820a-f8823441ebb3}</UniqueIdentifier>
    </Filter>
    <Filter Include="Pliki nagłówkowe\discord">
      <UniqueIdentifier>{5d9fb6f8-3b0d-4700-a6d3-2e808428f990}</UniqueIdentifier>
    </Filter>
    <Filter Include="Pliki źródłowe\imgui">
      <UniqueIdentifier>{38b58fd1-89cb-4907-9e86-33c662cc8582}</UniqueIdentifier>
    </Filter>
    <Filter Include="Pliki nagłówkowe\imgui">
      <UniqueIdentifier>{06fee694-d1b0-44aa-9d21-95fb614fe211}</UniqueIdentifier>
    </Filter>
  </ItemGroup>
  <ItemGroup>
    <ClInclude Include="pch.h">
      <Filter>Pliki nagłówkowe</Filter>
    </ClInclude>
    <ClInclude Include="VTableHooking.h">
      <Filter>Pliki nagłówkowe</Filter>
    </ClInclude>
    <ClInclude Include="..\thirdparty\rapidjson\include\rapidjson\writer.h">
      <Filter>Pliki nagłówkowe\rapidjson</Filter>
    </ClInclude>
    <ClInclude Include="..\thirdparty\rapidjson\include\rapidjson\allocators.h">
      <Filter>Pliki nagłówkowe\rapidjson</Filter>
    </ClInclude>
    <ClInclude Include="..\thirdparty\rapidjson\include\rapidjson\internal\biginteger.h">
      <Filter>Pliki nagłówkowe\rapidjson</Filter>
    </ClInclude>
    <ClInclude Include="..\thirdparty\rapidjson\include\rapidjson\cursorstreamwrapper.h">
      <Filter>Pliki nagłówkowe\rapidjson</Filter>
    </ClInclude>
    <ClInclude Include="..\thirdparty\rapidjson\include\rapidjson\internal\diyfp.h">
      <Filter>Pliki nagłówkowe\rapidjson</Filter>
    </ClInclude>
    <ClInclude Include="..\thirdparty\rapidjson\include\rapidjson\document.h">
      <Filter>Pliki nagłówkowe\rapidjson</Filter>
    </ClInclude>
    <ClInclude Include="..\thirdparty\rapidjson\include\rapidjson\internal\dtoa.h">
      <Filter>Pliki nagłówkowe\rapidjson</Filter>
    </ClInclude>
    <ClInclude Include="..\thirdparty\rapidjson\include\rapidjson\error\en.h">
      <Filter>Pliki nagłówkowe\rapidjson</Filter>
    </ClInclude>
    <ClInclude Include="..\thirdparty\rapidjson\include\rapidjson\encodedstream.h">
      <Filter>Pliki nagłówkowe\rapidjson</Filter>
    </ClInclude>
    <ClInclude Include="..\thirdparty\rapidjson\include\rapidjson\encodings.h">
      <Filter>Pliki nagłówkowe\rapidjson</Filter>
    </ClInclude>
    <ClInclude Include="..\thirdparty\rapidjson\include\rapidjson\error\error.h">
      <Filter>Pliki nagłówkowe\rapidjson</Filter>
    </ClInclude>
    <ClInclude Include="..\thirdparty\rapidjson\include\rapidjson\filereadstream.h">
      <Filter>Pliki nagłówkowe\rapidjson</Filter>
    </ClInclude>
    <ClInclude Include="..\thirdparty\rapidjson\include\rapidjson\filewritestream.h">
      <Filter>Pliki nagłówkowe\rapidjson</Filter>
    </ClInclude>
    <ClInclude Include="..\thirdparty\rapidjson\include\rapidjson\fwd.h">
      <Filter>Pliki nagłówkowe\rapidjson</Filter>
    </ClInclude>
    <ClInclude Include="..\thirdparty\rapidjson\include\rapidjson\internal\ieee754.h">
      <Filter>Pliki nagłówkowe\rapidjson</Filter>
    </ClInclude>
    <ClInclude Include="..\thirdparty\rapidjson\include\rapidjson\msinttypes\inttypes.h">
      <Filter>Pliki nagłówkowe\rapidjson</Filter>
    </ClInclude>
    <ClInclude Include="..\thirdparty\rapidjson\include\rapidjson\istreamwrapper.h">
      <Filter>Pliki nagłówkowe\rapidjson</Filter>
    </ClInclude>
    <ClInclude Include="..\thirdparty\rapidjson\include\rapidjson\internal\itoa.h">
      <Filter>Pliki nagłówkowe\rapidjson</Filter>
    </ClInclude>
    <ClInclude Include="..\thirdparty\rapidjson\include\rapidjson\memorybuffer.h">
      <Filter>Pliki nagłówkowe\rapidjson</Filter>
    </ClInclude>
    <ClInclude Include="..\thirdparty\rapidjson\include\rapidjson\memorystream.h">
      <Filter>Pliki nagłówkowe\rapidjson</Filter>
    </ClInclude>
    <ClInclude Include="..\thirdparty\rapidjson\include\rapidjson\internal\meta.h">
      <Filter>Pliki nagłówkowe\rapidjson</Filter>
    </ClInclude>
    <ClInclude Include="..\thirdparty\rapidjson\include\rapidjson\ostreamwrapper.h">
      <Filter>Pliki nagłówkowe\rapidjson</Filter>
    </ClInclude>
    <ClInclude Include="..\thirdparty\rapidjson\include\rapidjson\pointer.h">
      <Filter>Pliki nagłówkowe\rapidjson</Filter>
    </ClInclude>
    <ClInclude Include="..\thirdparty\rapidjson\include\rapidjson\internal\pow10.h">
      <Filter>Pliki nagłówkowe\rapidjson</Filter>
    </ClInclude>
    <ClInclude Include="..\thirdparty\rapidjson\include\rapidjson\prettywriter.h">
      <Filter>Pliki nagłówkowe\rapidjson</Filter>
    </ClInclude>
    <ClInclude Include="..\thirdparty\rapidjson\include\rapidjson\rapidjson.h">
      <Filter>Pliki nagłówkowe\rapidjson</Filter>
    </ClInclude>
    <ClInclude Include="..\thirdparty\rapidjson\include\rapidjson\reader.h">
      <Filter>Pliki nagłówkowe\rapidjson</Filter>
    </ClInclude>
    <ClInclude Include="..\thirdparty\rapidjson\include\rapidjson\internal\regex.h">
      <Filter>Pliki nagłówkowe\rapidjson</Filter>
    </ClInclude>
    <ClInclude Include="..\thirdparty\rapidjson\include\rapidjson\schema.h">
      <Filter>Pliki nagłówkowe\rapidjson</Filter>
    </ClInclude>
    <ClInclude Include="..\thirdparty\rapidjson\include\rapidjson\internal\stack.h">
      <Filter>Pliki nagłówkowe\rapidjson</Filter>
    </ClInclude>
    <ClInclude Include="..\thirdparty\rapidjson\include\rapidjson\msinttypes\stdint.h">
      <Filter>Pliki nagłówkowe\rapidjson</Filter>
    </ClInclude>
    <ClInclude Include="..\thirdparty\rapidjson\include\rapidjson\stream.h">
      <Filter>Pliki nagłówkowe\rapidjson</Filter>
    </ClInclude>
    <ClInclude Include="..\thirdparty\rapidjson\include\rapidjson\internal\strfunc.h">
      <Filter>Pliki nagłówkowe\rapidjson</Filter>
    </ClInclude>
    <ClInclude Include="..\thirdparty\rapidjson\include\rapidjson\stringbuffer.h">
      <Filter>Pliki nagłówkowe\rapidjson</Filter>
    </ClInclude>
    <ClInclude Include="..\thirdparty\rapidjson\include\rapidjson\internal\strtod.h">
      <Filter>Pliki nagłówkowe\rapidjson</Filter>
    </ClInclude>
    <ClInclude Include="..\thirdparty\rapidjson\include\rapidjson\internal\swap.h">
      <Filter>Pliki nagłówkowe\rapidjson</Filter>
    </ClInclude>
    <ClInclude Include="framework.h">
      <Filter>Pliki nagłówkowe</Filter>
    </ClInclude>
    <ClInclude Include="DelayedFunc.h">
      <Filter>Pliki nagłówkowe</Filter>
    </ClInclude>
    <ClInclude Include="TTFSDK.h">
      <Filter>Pliki nagłówkowe</Filter>
    </ClInclude>
    <ClInclude Include="Console.h">
      <Filter>Pliki nagłówkowe</Filter>
    </ClInclude>
    <ClInclude Include="SourceInterface.h">
      <Filter>Pliki nagłówkowe</Filter>
    </ClInclude>
    <ClInclude Include="IVEngineClient.h">
      <Filter>Pliki nagłówkowe</Filter>
    </ClInclude>
    <ClInclude Include="ICvar.h">
      <Filter>Pliki nagłówkowe</Filter>
    </ClInclude>
    <ClInclude Include="ConCommandManager.h">
      <Filter>Pliki nagłówkowe</Filter>
    </ClInclude>
    <ClInclude Include="ConVar.h">
      <Filter>Pliki nagłówkowe</Filter>
    </ClInclude>
    <ClInclude Include="SigScanning.h">
      <Filter>Pliki nagłówkowe</Filter>
    </ClInclude>
    <ClInclude Include="Util.h">
      <Filter>Pliki nagłówkowe</Filter>
    </ClInclude>
    <ClInclude Include="ModuleScan.h">
      <Filter>Pliki nagłówkowe</Filter>
    </ClInclude>
    <ClInclude Include="SourceConsole.h">
      <Filter>Pliki nagłówkowe</Filter>
    </ClInclude>
    <ClInclude Include="CrashReporting.h">
      <Filter>Pliki nagłówkowe</Filter>
    </ClInclude>
    <ClInclude Include="..\thirdparty\xorstr.hpp">
      <Filter>Pliki nagłówkowe\thirdparty</Filter>
    </ClInclude>
    <ClInclude Include="discord\event.h">
      <Filter>Pliki nagłówkowe\discord</Filter>
    </ClInclude>
    <ClInclude Include="discord\ffi.h">
      <Filter>Pliki nagłówkowe\discord</Filter>
    </ClInclude>
    <ClInclude Include="discord\image_manager.h">
      <Filter>Pliki nagłówkowe\discord</Filter>
    </ClInclude>
    <ClInclude Include="discord\lobby_manager.h">
      <Filter>Pliki nagłówkowe\discord</Filter>
    </ClInclude>
    <ClInclude Include="discord\network_manager.h">
      <Filter>Pliki nagłówkowe\discord</Filter>
    </ClInclude>
    <ClInclude Include="discord\overlay_manager.h">
      <Filter>Pliki nagłówkowe\discord</Filter>
    </ClInclude>
    <ClInclude Include="discord\relationship_manager.h">
      <Filter>Pliki nagłówkowe\discord</Filter>
    </ClInclude>
    <ClInclude Include="discord\storage_manager.h">
      <Filter>Pliki nagłówkowe\discord</Filter>
    </ClInclude>
    <ClInclude Include="discord\store_manager.h">
      <Filter>Pliki nagłówkowe\discord</Filter>
    </ClInclude>
    <ClInclude Include="discord\types.h">
      <Filter>Pliki nagłówkowe\discord</Filter>
    </ClInclude>
    <ClInclude Include="discord\user_manager.h">
      <Filter>Pliki nagłówkowe\discord</Filter>
    </ClInclude>
    <ClInclude Include="discord\voice_manager.h">
      <Filter>Pliki nagłówkowe\discord</Filter>
    </ClInclude>
    <ClInclude Include="discord\achievement_manager.h">
      <Filter>Pliki nagłówkowe\discord</Filter>
    </ClInclude>
    <ClInclude Include="discord\activity_manager.h">
      <Filter>Pliki nagłówkowe\discord</Filter>
    </ClInclude>
    <ClInclude Include="discord\application_manager.h">
      <Filter>Pliki nagłówkowe\discord</Filter>
    </ClInclude>
    <ClInclude Include="discord\core.h">
      <Filter>Pliki nagłówkowe\discord</Filter>
    </ClInclude>
    <ClInclude Include="discord\discord.h">
      <Filter>Pliki nagłówkowe\discord</Filter>
    </ClInclude>
    <ClInclude Include="Discord.h">
      <Filter>Pliki nagłówkowe</Filter>
    </ClInclude>
    <ClInclude Include="Origin.h">
      <Filter>Pliki nagłówkowe</Filter>
    </ClInclude>
    <ClInclude Include="Chat.h">
      <Filter>Pliki nagłówkowe</Filter>
    </ClInclude>
    <ClInclude Include="IFileSystem.h">
      <Filter>Pliki nagłówkowe</Filter>
    </ClInclude>
    <ClInclude Include="Presence.h">
      <Filter>Pliki nagłówkowe</Filter>
    </ClInclude>
    <ClInclude Include="FileSystemManager.h">
      <Filter>Pliki nagłówkowe</Filter>
    </ClInclude>
    <ClInclude Include="FilesystemContents.h">
      <Filter>Pliki nagłówkowe</Filter>
    </ClInclude>
    <ClInclude Include="_version.h">
      <Filter>Pliki nagłówkowe</Filter>
    </ClInclude>
    <ClInclude Include="UIManager.h">
      <Filter>Pliki nagłówkowe</Filter>
    </ClInclude>
    <ClInclude Include="ISurface.h">
      <Filter>Pliki nagłówkowe</Filter>
    </ClInclude>
    <ClInclude Include="IInputSystem.h">
      <Filter>Pliki nagłówkowe</Filter>
    </ClInclude>
    <ClInclude Include="..\thirdparty\imgui\backends\imgui_impl_dx11.h">
      <Filter>Pliki nagłówkowe\imgui</Filter>
    </ClInclude>
    <ClInclude Include="..\thirdparty\imgui\backends\imgui_impl_win32.h">
      <Filter>Pliki nagłówkowe\imgui</Filter>
    </ClInclude>
    <ClInclude Include="..\thirdparty\imgui\imstb_textedit.h">
      <Filter>Pliki nagłówkowe\imgui</Filter>
    </ClInclude>
    <ClInclude Include="..\thirdparty\imgui\imstb_truetype.h">
      <Filter>Pliki nagłówkowe\imgui</Filter>
    </ClInclude>
    <ClInclude Include="..\thirdparty\imgui\imgui.h">
      <Filter>Pliki nagłówkowe\imgui</Filter>
    </ClInclude>
    <ClInclude Include="..\thirdparty\imgui\imgui_internal.h">
      <Filter>Pliki nagłówkowe\imgui</Filter>
    </ClInclude>
    <ClInclude Include="..\thirdparty\imgui\imstb_rectpack.h">
      <Filter>Pliki nagłówkowe\imgui</Filter>
    </ClInclude>
    <ClInclude Include="Updater.h">
      <Filter>Pliki nagłówkowe</Filter>
    </ClInclude>
    <ClInclude Include="BMEGUI.h">
      <Filter>Pliki nagłówkowe</Filter>
    </ClInclude>
  </ItemGroup>
  <ItemGroup>
    <ClCompile Include="dllmain.cpp">
      <Filter>Pliki źródłowe</Filter>
    </ClCompile>
    <ClCompile Include="pch.cpp">
      <Filter>Pliki źródłowe</Filter>
    </ClCompile>
    <ClCompile Include="TTFSDK.cpp">
      <Filter>Pliki źródłowe</Filter>
    </ClCompile>
    <ClCompile Include="Console.cpp">
      <Filter>Pliki źródłowe</Filter>
    </ClCompile>
    <ClCompile Include="ConCommandManager.cpp">
      <Filter>Pliki źródłowe</Filter>
    </ClCompile>
    <ClCompile Include="SigScanning.cpp">
      <Filter>Pliki źródłowe</Filter>
    </ClCompile>
    <ClCompile Include="Util.cpp">
      <Filter>Pliki źródłowe</Filter>
    </ClCompile>
    <ClCompile Include="ModuleScan.cpp">
      <Filter>Pliki źródłowe</Filter>
    </ClCompile>
    <ClCompile Include="SourceConsole.cpp">
      <Filter>Pliki źródłowe</Filter>
    </ClCompile>
    <ClCompile Include="CrashReporting.cpp">
      <Filter>Pliki źródłowe</Filter>
    </ClCompile>
    <ClCompile Include="discord\lobby_manager.cpp">
      <Filter>Pliki źródłowe\discord</Filter>
    </ClCompile>
    <ClCompile Include="discord\network_manager.cpp">
      <Filter>Pliki źródłowe\discord</Filter>
    </ClCompile>
    <ClCompile Include="discord\overlay_manager.cpp">
      <Filter>Pliki źródłowe\discord</Filter>
    </ClCompile>
    <ClCompile Include="discord\relationship_manager.cpp">
      <Filter>Pliki źródłowe\discord</Filter>
    </ClCompile>
    <ClCompile Include="discord\storage_manager.cpp">
      <Filter>Pliki źródłowe\discord</Filter>
    </ClCompile>
    <ClCompile Include="discord\store_manager.cpp">
      <Filter>Pliki źródłowe\discord</Filter>
    </ClCompile>
    <ClCompile Include="discord\types.cpp">
      <Filter>Pliki źródłowe\discord</Filter>
    </ClCompile>
    <ClCompile Include="discord\user_manager.cpp">
      <Filter>Pliki źródłowe\discord</Filter>
    </ClCompile>
    <ClCompile Include="discord\voice_manager.cpp">
      <Filter>Pliki źródłowe\discord</Filter>
    </ClCompile>
    <ClCompile Include="discord\achievement_manager.cpp">
      <Filter>Pliki źródłowe\discord</Filter>
    </ClCompile>
    <ClCompile Include="discord\activity_manager.cpp">
      <Filter>Pliki źródłowe\discord</Filter>
    </ClCompile>
    <ClCompile Include="discord\application_manager.cpp">
      <Filter>Pliki źródłowe\discord</Filter>
    </ClCompile>
    <ClCompile Include="discord\core.cpp">
      <Filter>Pliki źródłowe\discord</Filter>
    </ClCompile>
    <ClCompile Include="discord\image_manager.cpp">
      <Filter>Pliki źródłowe\discord</Filter>
    </ClCompile>
    <ClCompile Include="Discord.cpp">
      <Filter>Pliki źródłowe</Filter>
    </ClCompile>
    <ClCompile Include="Chat.cpp">
      <Filter>Pliki źródłowe</Filter>
    </ClCompile>
    <ClCompile Include="Presence.cpp">
      <Filter>Pliki źródłowe</Filter>
    </ClCompile>
    <ClCompile Include="FileSystemManager.cpp">
      <Filter>Pliki źródłowe</Filter>
    </ClCompile>
    <ClCompile Include="AntiEventCrash.cpp">
      <Filter>Pliki źródłowe</Filter>
    </ClCompile>
    <ClCompile Include="Updater.cpp">
      <Filter>Pliki źródłowe</Filter>
    </ClCompile>
    <ClCompile Include="..\thirdparty\imgui\imgui_draw.cpp">
      <Filter>Pliki źródłowe\imgui</Filter>
    </ClCompile>
    <ClCompile Include="..\thirdparty\imgui\imgui.cpp">
      <Filter>Pliki źródłowe\imgui</Filter>
    </ClCompile>
    <ClCompile Include="..\thirdparty\imgui\backends\imgui_impl_dx11.cpp">
      <Filter>Pliki źródłowe\imgui</Filter>
    </ClCompile>
    <ClCompile Include="..\thirdparty\imgui\backends\imgui_impl_win32.cpp">
      <Filter>Pliki źródłowe\imgui</Filter>
    </ClCompile>
    <ClCompile Include="..\thirdparty\imgui\imgui_tables.cpp">
      <Filter>Pliki źródłowe\imgui</Filter>
    </ClCompile>
    <ClCompile Include="..\thirdparty\imgui\imgui_widgets.cpp">
      <Filter>Pliki źródłowe\imgui</Filter>
    </ClCompile>
    <ClCompile Include="BMEGUI.cpp">
      <Filter>Pliki źródłowe</Filter>
    </ClCompile>
    <ClCompile Include="UIManager.cpp">
      <Filter>Pliki źródłowe</Filter>
    </ClCompile>
  </ItemGroup>
</Project>